
Microsoft Visual Studio Solution File, Format Version 12.00
# Visual Studio Version 17
VisualStudioVersion = 17.4.33205.214
MinimumVisualStudioVersion = 10.0.40219.1
Project("{9A19103F-16F7-4668-BE54-9A1E7A4F7556}") = "ProjectForShekelCompany", "ProjectForShekelCompany\ProjectForShekelCompany.csproj", "{50EBB2BE-579E-4FE6-8344-FA2A54A31E78}"
EndProject
Project("{FAE04EC0-301F-11D3-BF4B-00C04F79EFBC}") = "DBEntityFramework", "DBEntityFramework\DBEntityFramework.csproj", "{048E76B2-4C78-4201-98AD-2F740C9C486A}"
EndProject
Project("{2150E333-8FDC-42A3-9474-1A3956D46DE8}") = "Solution Items", "Solution Items", "{DCD5C492-7ACB-4187-B985-AFDB0F460D87}"
	ProjectSection(SolutionItems) = preProject
		README.md = README.md
	EndProjectSection
EndProject
Global
	GlobalSection(SolutionConfigurationPlatforms) = preSolution
		Debug|Any CPU = Debug|Any CPU
		Release|Any CPU = Release|Any CPU
	EndGlobalSection
	GlobalSection(ProjectConfigurationPlatforms) = postSolution
		{50EBB2BE-579E-4FE6-8344-FA2A54A31E78}.Debug|Any CPU.ActiveCfg = Debug|Any CPU
		{50EBB2BE-579E-4FE6-8344-FA2A54A31E78}.Debug|Any CPU.Build.0 = Debug|Any CPU
		{50EBB2BE-579E-4FE6-8344-FA2A54A31E78}.Release|Any CPU.ActiveCfg = Release|Any CPU
		{50EBB2BE-579E-4FE6-8344-FA2A54A31E78}.Release|Any CPU.Build.0 = Release|Any CPU
		{048E76B2-4C78-4201-98AD-2F740C9C486A}.Debug|Any CPU.ActiveCfg = Debug|Any CPU
		{048E76B2-4C78-4201-98AD-2F740C9C486A}.Debug|Any CPU.Build.0 = Debug|Any CPU
		{048E76B2-4C78-4201-98AD-2F740C9C486A}.Release|Any CPU.ActiveCfg = Release|Any CPU
		{048E76B2-4C78-4201-98AD-2F740C9C486A}.Release|Any CPU.Build.0 = Release|Any CPU
	EndGlobalSection
	GlobalSection(SolutionProperties) = preSolution
		HideSolutionNode = FALSE
	EndGlobalSection
	GlobalSection(ExtensibilityGlobals) = postSolution
		SolutionGuid = {04F71F74-4521-4284-AF8A-235488C4DD9F}
	EndGlobalSection
EndGlobal
